<Solution>
  <Project Path="docker-compose.dcproj">
    <Build />
  </Project>
  <Project Path="src/DockerGameServer.AppHost/DockerGameServer.AppHost.csproj" />
  <Project Path="src/DockerGameServer.ServiceDefaults/DockerGameServer.ServiceDefaults.csproj" />
  <Project Path="src/DockerGameServer/DockerGameServer.csproj" />
</Solution>
